
Microsoft Visual Studio Solution File, Format Version 12.00
# Visual Studio Version 16
VisualStudioVersion = 16.0.28714.193
MinimumVisualStudioVersion = 10.0.40219.1
Project("{9A19103F-16F7-4668-BE54-9A1E7A4F7556}") = "Yllibed.TenantCloudClient", "Yllibed.TenantCloudClient\Yllibed.TenantCloudClient.csproj", "{F698BDE6-7498-4CE6-8BE8-F1AA3339E04A}"
EndProject
Global
	GlobalSection(SolutionConfigurationPlatforms) = preSolution
		Debug|Any CPU = Debug|Any CPU
		Release|Any CPU = Release|Any CPU
	EndGlobalSection
	GlobalSection(ProjectConfigurationPlatforms) = postSolution
		{F698BDE6-7498-4CE6-8BE8-F1AA3339E04A}.Debug|Any CPU.ActiveCfg = Debug|Any CPU
		{F698BDE6-7498-4CE6-8BE8-F1AA3339E04A}.Debug|Any CPU.Build.0 = Debug|Any CPU
		{F698BDE6-7498-4CE6-8BE8-F1AA3339E04A}.Release|Any CPU.ActiveCfg = Release|Any CPU
		{F698BDE6-7498-4CE6-8BE8-F1AA3339E04A}.Release|Any CPU.Build.0 = Release|Any CPU
	EndGlobalSection
	GlobalSection(SolutionProperties) = preSolution
		HideSolutionNode = FALSE
	EndGlobalSection
	GlobalSection(ExtensibilityGlobals) = postSolution
		SolutionGuid = {A9DC6DDF-6EB9-4227-BCDD-6D8DBE08D663}
	EndGlobalSection
EndGlobal
